github.com/google/go-cmp v0.7.0 h1:wk8382ETsv4JYUZwIsn6YpYiWiBsYLSJiTsyBybVuN8=
github.com/google/go-cmp v0.7.0/go.mod h1:pXiqmnSA92OHEEa9HXL2W4E7lf9JzCmGVUdgjX3N/iU=
github.com/klauspost/compress v1.18.0 h1:c/Cqfb0r+Yi+JtIEq73FWXVkRonBlf0CRNYc8Zttxdo=
github.com/klauspost/compress v1.18.0/go.mod h1:2Pp+KzxcywXVXMr50+X0Q/Lsb43OQHYWRCY2AiWywWQ=
google.golang.org/genproto/googleapis/api v0.0.0-20241219192143-6b3ec007d9bb h1:B7GIB7sr443wZ/EAEl7VZjmh1V6qzkt5V+RYcUYtS1U=
google.golang.org/genproto/googleapis/api v0.0.0-20241219192143-6b3ec007d9bb/go.mod h1:E5//3O5ZIG2l71Xnt+P/CYUY8Bxs8E7WMoZ9tlcMbAY=
google.golang.org/protobuf v1.36.8 h1:xHScyCOEuuwZEc6UtSOvPbAT4zRh0xcNRYekJwfqyMc=
google.golang.org/protobuf v1.36.8/go.mod h1:fuxRtAxBytpl4zzqUh6/eyUujkJdNiuEkXntxiD/uRU=
